
Microsoft Visual Studio Solution File, Format Version 12.00
# Visual Studio 15
VisualStudioVersion = 15.0.26430.6
MinimumVisualStudioVersion = 10.0.40219.1
Project("{FAE04EC0-301F-11D3-BF4B-00C04F79EFBC}") = "Timer", "Timer\Timer.csproj", "{6CF06A00-491F-430F-9AB7-0998C15524AF}"
EndProject
Global
	GlobalSection(SolutionConfigurationPlatforms) = preSolution
		Debug|Any CPU = Debug|Any CPU
		Release|Any CPU = Release|Any CPU
	EndGlobalSection
	GlobalSection(ProjectConfigurationPlatforms) = postSolution
		{6CF06A00-491F-430F-9AB7-0998C15524AF}.Debug|Any CPU.ActiveCfg = Debug|Any CPU
		{6CF06A00-491F-430F-9AB7-0998C15524AF}.Debug|Any CPU.Build.0 = Debug|Any CPU
		{6CF06A00-491F-430F-9AB7-0998C15524AF}.Release|Any CPU.ActiveCfg = Release|Any CPU
		{6CF06A00-491F-430F-9AB7-0998C15524AF}.Release|Any CPU.Build.0 = Release|Any CPU
	EndGlobalSection
	GlobalSection(SolutionProperties) = preSolution
		HideSolutionNode = FALSE
	EndGlobalSection
EndGlobal
